<?xml version="1.0" encoding="utf-8"?>
<Project ToolsVersion="4.0" xmlns="http://schemas.microsoft.com/developer/msbuild/2003">
  <ItemGroup>
    <ClCompile Include="Action.cpp" />
    <ClCompile Include="main.cpp" />
    <ClCompile Include="WorldState.cpp" />
    <ClCompile Include="GOAP.cpp" />
  </ItemGroup>
  <ItemGroup>
    <ClInclude Include="WorldState.h" />
    <ClInclude Include="Action.h" />
    <ClInclude Include="GOAP.h" />
    <ClInclude Include="Node.h" />
  </ItemGroup>
</Project>