
Microsoft Visual Studio Solution File, Format Version 12.00
# Visual Studio Version 17
VisualStudioVersion = 17.3.32811.315
MinimumVisualStudioVersion = 10.0.40219.1
Project("{8BC9CEB8-8B4A-11D0-8D11-00A0C91BC942}") = "ZHENG_DUGENET_YOUSFI_IAJV_S1", "ZHENG_DUGENET_YOUSFI_IAJV_S1\ZHENG_DUGENET_YOUSFI_IAJV_S1.vcxproj", "{F857B705-5A86-40F4-ADD0-F03F87DE2563}"
EndProject
Global
	GlobalSection(SolutionConfigurationPlatforms) = preSolution
		Debug|x64 = Debug|x64
		Debug|x86 = Debug|x86
		Release|x64 = Release|x64
		Release|x86 = Release|x86
	EndGlobalSection
	GlobalSection(ProjectConfigurationPlatforms) = postSolution
		{F857B705-5A86-40F4-ADD0-F03F87DE2563}.Debug|x64.ActiveCfg = Debug|x64
		{F857B705-5A86-40F4-ADD0-F03F87DE2563}.Debug|x64.Build.0 = Debug|x64
		{F857B705-5A86-40F4-ADD0-F03F87DE2563}.Debug|x86.ActiveCfg = Debug|Win32
		{F857B705-5A86-40F4-ADD0-F03F87DE2563}.Debug|x86.Build.0 = Debug|Win32
		{F857B705-5A86-40F4-ADD0-F03F87DE2563}.Release|x64.ActiveCfg = Release|x64
		{F857B705-5A86-40F4-ADD0-F03F87DE2563}.Release|x64.Build.0 = Release|x64
		{F857B705-5A86-40F4-ADD0-F03F87DE2563}.Release|x86.ActiveCfg = Release|Win32
		{F857B705-5A86-40F4-ADD0-F03F87DE2563}.Release|x86.Build.0 = Release|Win32
	EndGlobalSection
	GlobalSection(SolutionProperties) = preSolution
		HideSolutionNode = FALSE
	EndGlobalSection
	GlobalSection(ExtensibilityGlobals) = postSolution
		SolutionGuid = {B397B0BE-1870-4862-92CE-42EC0E981AB1}
	EndGlobalSection
EndGlobal
